
Microsoft Visual Studio Solution File, Format Version 12.00
# Visual Studio Version 16
VisualStudioVersion = 16.0.31613.86
MinimumVisualStudioVersion = 10.0.40219.1
Project("{FAE04EC0-301F-11D3-BF4B-00C04F79EFBC}") = "lab 3", "lab 3.csproj", "{A584C2A6-86A7-4B32-BF2F-C3F5AFE4266C}"
EndProject
Global
	GlobalSection(SolutionConfigurationPlatforms) = preSolution
		Debug|Any CPU = Debug|Any CPU
		Release|Any CPU = Release|Any CPU
	EndGlobalSection
	GlobalSection(ProjectConfigurationPlatforms) = postSolution
		{A584C2A6-86A7-4B32-BF2F-C3F5AFE4266C}.Debug|Any CPU.ActiveCfg = Debug|Any CPU
		{A584C2A6-86A7-4B32-BF2F-C3F5AFE4266C}.Debug|Any CPU.Build.0 = Debug|Any CPU
		{A584C2A6-86A7-4B32-BF2F-C3F5AFE4266C}.Release|Any CPU.ActiveCfg = Release|Any CPU
		{A584C2A6-86A7-4B32-BF2F-C3F5AFE4266C}.Release|Any CPU.Build.0 = Release|Any CPU
	EndGlobalSection
	GlobalSection(SolutionProperties) = preSolution
		HideSolutionNode = FALSE
	EndGlobalSection
	GlobalSection(ExtensibilityGlobals) = postSolution
		SolutionGuid = {7C3C53C8-24A4-4B6B-AD59-AFCB2FCA49DC}
	EndGlobalSection
EndGlobal
